{
  "nodes": {
    "emacs-overlay": {
      "inputs": {
        "flake-utils": "flake-utils",
        "nixpkgs": "nixpkgs"
      },
      "locked": {
        "lastModified": 1668836187,
        "narHash": "sha256-f38CYfIwYoSUgX2klCm+6v4ViZiVY6DdwdO/rk7GGwg=",
        "owner": "nix-community",
        "repo": "emacs-overlay",
        "rev": "faf39a31bc76f1cd4eb642d79eeab1d25b038e72",
        "type": "github"
      },
      "original": {
        "owner": "nix-community",
        "repo": "emacs-overlay",
        "type": "github"
      }
    },
    "flake-utils": {
      "locked": {
        "lastModified": 1667395993,
        "narHash": "sha256-nuEHfE/LcWyuSWnS8t12N1wc105Qtau+/OdUAjtQ0rA=",
        "owner": "numtide",
        "repo": "flake-utils",
        "rev": "5aed5285a952e0b949eb3ba02c12fa4fcfef535f",
        "type": "github"
      },
      "original": {
        "owner": "numtide",
        "repo": "flake-utils",
        "type": "github"
      }
    },
    "flake-utils_2": {
      "locked": {
        "lastModified": 1667395993,
        "narHash": "sha256-nuEHfE/LcWyuSWnS8t12N1wc105Qtau+/OdUAjtQ0rA=",
        "owner": "numtide",
        "repo": "flake-utils",
        "rev": "5aed5285a952e0b949eb3ba02c12fa4fcfef535f",
        "type": "github"
      },
      "original": {
        "owner": "numtide",
        "repo": "flake-utils",
        "type": "github"
      }
    },
    "nixpkgs": {
      "locked": {
        "lastModified": 1668820343,
        "narHash": "sha256-CmV7D8XFVhd47FIQx0RvjYP620hWsaG+71Rmmq8Bn/E=",
        "owner": "NixOS",
        "repo": "nixpkgs",
        "rev": "75f569b1a573c9736501981b1bd1808d30b37d3d",
        "type": "github"
      },
      "original": {
        "id": "nixpkgs",
        "type": "indirect"
      }
    },
    "nixpkgs_2": {
      "locked": {
        "lastModified": 1665503200,
        "narHash": "sha256-yf/qPDixmxQBlCQAPu39iDo7JG5M8kaalbR6Vh6ql74=",
        "owner": "NixOS",
        "repo": "nixpkgs",
        "rev": "d68d6a36a9e4bfb7bd5b2552e924b7fd6d08d6e0",
        "type": "github"
      },
      "original": {
        "owner": "NixOS",
        "ref": "master",
        "repo": "nixpkgs",
        "type": "github"
      }
    },
    "root": {
      "inputs": {
        "emacs-overlay": "emacs-overlay",
        "flake-utils": "flake-utils_2",
        "nixpkgs": "nixpkgs_2"
      }
    }
  },
  "root": "root",
  "version": 7
}
